
Microsoft Visual Studio Solution File, Format Version 12.00
# Visual Studio Version 16
VisualStudioVersion = 16.0.29230.47
MinimumVisualStudioVersion = 10.0.40219.1
Project("{FAE04EC0-301F-11D3-BF4B-00C04F79EFBC}") = "HW4_Task2", "HW4_Task2\HW4_Task2.csproj", "{BC95B536-10B0-40F9-83CC-2B5FA25FE882}"
EndProject
Global
	GlobalSection(SolutionConfigurationPlatforms) = preSolution
		Debug|Any CPU = Debug|Any CPU
		Release|Any CPU = Release|Any CPU
	EndGlobalSection
	GlobalSection(ProjectConfigurationPlatforms) = postSolution
		{BC95B536-10B0-40F9-83CC-2B5FA25FE882}.Debug|Any CPU.ActiveCfg = Debug|Any CPU
		{BC95B536-10B0-40F9-83CC-2B5FA25FE882}.Debug|Any CPU.Build.0 = Debug|Any CPU
		{BC95B536-10B0-40F9-83CC-2B5FA25FE882}.Release|Any CPU.ActiveCfg = Release|Any CPU
		{BC95B536-10B0-40F9-83CC-2B5FA25FE882}.Release|Any CPU.Build.0 = Release|Any CPU
	EndGlobalSection
	GlobalSection(SolutionProperties) = preSolution
		HideSolutionNode = FALSE
	EndGlobalSection
	GlobalSection(ExtensibilityGlobals) = postSolution
		SolutionGuid = {A9A0AD06-EEC4-4414-8886-28157976DDEA}
	EndGlobalSection
EndGlobal
